<?xml version="1.0" encoding="utf-8"?>
<Project ToolsVersion="4.0" xmlns="http://schemas.microsoft.com/developer/msbuild/2003">
  <ItemGroup>
    <Filter Include="Source Files">
      <UniqueIdentifier>{4FC737F1-C7A5-4376-A066-2A32D752A2FF}</UniqueIdentifier>
      <Extensions>cpp;c;cc;cxx;def;odl;idl;hpj;bat;asm;asmx</Extensions>
    </Filter>
    <Filter Include="Header Files">
      <UniqueIdentifier>{93995380-89BD-4b04-88EB-625FBE52EBFB}</UniqueIdentifier>
      <Extensions>h;hh;hpp;hxx;hm;inl;inc;xsd</Extensions>
    </Filter>
    <Filter Include="Resource Files">
      <UniqueIdentifier>{67DA6AB6-F800-4c08-8B7A-83BB121AAD01}</UniqueIdentifier>
      <Extensions>rc;ico;cur;bmp;dlg;rc2;rct;bin;rgs;gif;jpg;jpeg;jpe;resx;tiff;tif;png;wav;mfcribbon-ms</Extensions>
    </Filter>
  </ItemGroup>
  <ItemGroup>
    <ClCompile Include="src\kd-tree\kd_tree.cpp">
      <Filter>Source Files</Filter>
    </ClCompile>
    <ClCompile Include="src\path-tracer\path_tracer.cpp">
      <Filter>Source Files</Filter>
    </ClCompile>
    <ClCompile Include="src\geometry\triangle.cpp">
      <Filter>Source Files</Filter>
    </ClCompile>
    <ClCompile Include="src\geometry\point3.cpp">
      <Filter>Source Files</Filter>
    </ClCompile>
    <ClCompile Include="src\geometry\ray.cpp">
      <Filter>Source Files</Filter>
    </ClCompile>
    <ClCompile Include="src\main.cpp">
      <Filter>Source Files</Filter>
    </ClCompile>
    <ClCompile Include="src\evolution-strategy\evolution_strategy.cpp">
      <Filter>Source Files</Filter>
    </ClCompile>
    <ClCompile Include="src\evolution-strategy\fitness.cpp">
      <Filter>Source Files</Filter>
    </ClCompile>
    <ClCompile Include="src\evolution-strategy\individual.cpp">
      <Filter>Source Files</Filter>
    </ClCompile>
    <ClCompile Include="src\evolution-strategy\parent_selection.cpp">
      <Filter>Source Files</Filter>
    </ClCompile>
    <ClCompile Include="src\evolution-strategy\pixel_histogram.cpp">
      <Filter>Source Files</Filter>
    </ClCompile>
    <ClCompile Include="src\evolution-strategy\recombination.cpp">
      <Filter>Source Files</Filter>
    </ClCompile>
    <ClCompile Include="src\evolution-strategy\survivor_selection.cpp">
      <Filter>Source Files</Filter>
    </ClCompile>
    <ClCompile Include="src\geometry\plane.cpp">
      <Filter>Source Files</Filter>
    </ClCompile>
    <ClCompile Include="src\geometry\vector3.cpp">
      <Filter>Source Files</Filter>
    </ClCompile>
    <ClCompile Include="src\geometry\aab.cpp">
      <Filter>Source Files</Filter>
    </ClCompile>
    <ClCompile Include="src\scene\mesh_object.cpp">
      <Filter>Source Files</Filter>
    </ClCompile>
    <ClCompile Include="src\scene\scene.cpp">
      <Filter>Source Files</Filter>
    </ClCompile>
    <ClCompile Include="src\scene\area_light.cpp">
      <Filter>Source Files</Filter>
    </ClCompile>
    <ClCompile Include="src\path-tracer\uniform_random_sequence.cpp">
      <Filter>Source Files</Filter>
    </ClCompile>
    <ClCompile Include="src\shading\surface_element.cpp">
      <Filter>Source Files</Filter>
    </ClCompile>
    <ClCompile Include="src\shading\color3.cpp">
      <Filter>Source Files</Filter>
    </ClCompile>
    <ClCompile Include="src\common\random_number_engine.cpp">
      <Filter>Source Files</Filter>
    </ClCompile>
  </ItemGroup>
  <ItemGroup>
    <ClInclude Include="headers\geometry\point3.h">
      <Filter>Header Files</Filter>
    </ClInclude>
    <ClInclude Include="headers\geometry\ray.h">
      <Filter>Header Files</Filter>
    </ClInclude>
    <ClInclude Include="headers\geometry\triangle.h">
      <Filter>Header Files</Filter>
    </ClInclude>
    <ClInclude Include="headers\geometry\vector3.h">
      <Filter>Header Files</Filter>
    </ClInclude>
    <ClInclude Include="headers\kd-tree\kd_tree.h">
      <Filter>Header Files</Filter>
    </ClInclude>
    <ClInclude Include="headers\path-tracer\path_tracer.h">
      <Filter>Header Files</Filter>
    </ClInclude>
    <ClInclude Include="headers\evolution-strategy\evolution_strategy.h">
      <Filter>Header Files</Filter>
    </ClInclude>
    <ClInclude Include="headers\evolution-strategy\fitness.h">
      <Filter>Header Files</Filter>
    </ClInclude>
    <ClInclude Include="headers\evolution-strategy\individual.h">
      <Filter>Header Files</Filter>
    </ClInclude>
    <ClInclude Include="headers\evolution-strategy\parent_selection.h">
      <Filter>Header Files</Filter>
    </ClInclude>
    <ClInclude Include="headers\evolution-strategy\pixel_histogram.h">
      <Filter>Header Files</Filter>
    </ClInclude>
    <ClInclude Include="headers\evolution-strategy\random_engine.h">
      <Filter>Header Files</Filter>
    </ClInclude>
    <ClInclude Include="headers\evolution-strategy\recombination.h">
      <Filter>Header Files</Filter>
    </ClInclude>
    <ClInclude Include="headers\evolution-strategy\survivor_selection.h">
      <Filter>Header Files</Filter>
    </ClInclude>
    <ClInclude Include="headers\geometry\plane.h">
      <Filter>Header Files</Filter>
    </ClInclude>
    <ClInclude Include="headers\scene\object.h">
      <Filter>Header Files</Filter>
    </ClInclude>
    <ClInclude Include="headers\scene\scene.h">
      <Filter>Header Files</Filter>
    </ClInclude>
    <ClInclude Include="headers\scene\mesh_object.h">
      <Filter>Header Files</Filter>
    </ClInclude>
    <ClInclude Include="headers\geometry\aab.h">
      <Filter>Header Files</Filter>
    </ClInclude>
    <ClInclude Include="headers\scene\light.h">
      <Filter>Header Files</Filter>
    </ClInclude>
    <ClInclude Include="headers\scene\area_light.h">
      <Filter>Header Files</Filter>
    </ClInclude>
    <ClInclude Include="headers\path-tracer\random_sequence.h">
      <Filter>Header Files</Filter>
    </ClInclude>
    <ClInclude Include="headers\path-tracer\uniform_random_sequence.h">
      <Filter>Header Files</Filter>
    </ClInclude>
    <ClInclude Include="headers\shading\surface_element.h">
      <Filter>Header Files</Filter>
    </ClInclude>
    <ClInclude Include="headers\shading\color3.h">
      <Filter>Header Files</Filter>
    </ClInclude>
    <ClInclude Include="headers\common\random_number_engine.h">
      <Filter>Header Files</Filter>
    </ClInclude>
    <ClInclude Include="headers\path-tracer\camera.h">
      <Filter>Header Files</Filter>
    </ClInclude>
  </ItemGroup>
</Project>